{
  "version": "3",
  "remote": {
    "https://deno.land/std@0.223.0/assert/assert.ts": "09d30564c09de846855b7b071e62b5974b001bb72a4b797958fe0660e7849834",
    "https://deno.land/std@0.223.0/assert/assertion_error.ts": "ba8752bd27ebc51f723702fac2f54d3e94447598f54264a6653d6413738a8917",
    "https://deno.land/std@0.223.0/cli/parse_args.ts": "5250832fb7c544d9111e8a41ad272c016f5a53f975ef84d5a9fe5fcb70566ece",
    "https://deno.land/std@0.223.0/encoding/_util.ts": "beacef316c1255da9bc8e95afb1fa56ed69baef919c88dc06ae6cb7a6103d376",
    "https://deno.land/std@0.223.0/encoding/base64.ts": "dd59695391584c8ffc5a296ba82bcdba6dd8a84d41a6a539fbee8e5075286eaf",
    "https://deno.land/std@0.223.0/fmt/bytes.ts": "7b294a4b9cf0297efa55acb55d50610f3e116a0ac772d1df0ae00f0b833ccd4a",
    "https://deno.land/std@0.223.0/fmt/colors.ts": "d239d84620b921ea520125d778947881f62c50e78deef2657073840b8af9559a",
    "https://deno.land/std@0.223.0/http/etag.ts": "9ca56531be682f202e4239971931060b688ee5c362688e239eeaca39db9e72cb",
    "https://deno.land/std@0.223.0/http/status.ts": "ed61b4882af2514a81aefd3245e8df4c47b9a8e54929a903577643d2d1ebf514",
    "https://deno.land/std@0.223.0/media_types/_db.ts": "19563a2491cd81b53b9c1c6ffd1a9145c355042d4a854c52f6e1424f73ff3923",
    "https://deno.land/std@0.223.0/media_types/_util.ts": "e0b8da0c7d8ad2015cf27ac16ddf0809ac984b2f3ec79f7fa4206659d4f10deb",
    "https://deno.land/std@0.223.0/media_types/content_type.ts": "ed3f2e1f243b418ad3f441edc95fd92efbadb0f9bde36219c7564c67f9639513",
    "https://deno.land/std@0.223.0/media_types/format_media_type.ts": "ffef4718afa2489530cb94021bb865a466eb02037609f7e82899c017959d288a",
    "https://deno.land/std@0.223.0/media_types/get_charset.ts": "277ebfceb205bd34e616fe6764ef03fb277b77f040706272bea8680806ae3f11",
    "https://deno.land/std@0.223.0/media_types/parse_media_type.ts": "487f000a38c230ccbac25420a50f600862e06796d0eee19d19631b9e84ee9654",
    "https://deno.land/std@0.223.0/media_types/type_by_extension.ts": "bf4e3f5d6b58b624d5daa01cbb8b1e86d9939940a77e7c26e796a075b60ec73b",
    "https://deno.land/std@0.223.0/media_types/vendor/mime-db.v1.52.0.ts": "0218d2c7d900e8cd6fa4a866e0c387712af4af9a1bae55d6b2546c73d273a1e6",
    "https://deno.land/std@0.223.0/path/_common/assert_path.ts": "dbdd757a465b690b2cc72fc5fb7698c51507dec6bfafce4ca500c46b76ff7bd8",
    "https://deno.land/std@0.223.0/path/_common/constants.ts": "dc5f8057159f4b48cd304eb3027e42f1148cf4df1fb4240774d3492b5d12ac0c",
    "https://deno.land/std@0.223.0/path/_common/normalize.ts": "684df4aa71a04bbcc346c692c8485594fc8a90b9408dfbc26ff32cf3e0c98cc8",
    "https://deno.land/std@0.223.0/path/_common/normalize_string.ts": "33edef773c2a8e242761f731adeb2bd6d683e9c69e4e3d0092985bede74f4ac3",
    "https://deno.land/std@0.223.0/path/_common/relative.ts": "faa2753d9b32320ed4ada0733261e3357c186e5705678d9dd08b97527deae607",
    "https://deno.land/std@0.223.0/path/_os.ts": "8fb9b90fb6b753bd8c77cfd8a33c2ff6c5f5bc185f50de8ca4ac6a05710b2c15",
    "https://deno.land/std@0.223.0/path/constants.ts": "0c206169ca104938ede9da48ac952de288f23343304a1c3cb6ec7625e7325f36",
    "https://deno.land/std@0.223.0/path/extname.ts": "593303db8ae8c865cbd9ceec6e55d4b9ac5410c1e276bfd3131916591b954441",
    "https://deno.land/std@0.223.0/path/join.ts": "ae2ec5ca44c7e84a235fd532e4a0116bfb1f2368b394db1c4fb75e3c0f26a33a",
    "https://deno.land/std@0.223.0/path/posix/_util.ts": "1e3937da30f080bfc99fe45d7ed23c47dd8585c5e473b2d771380d3a6937cf9d",
    "https://deno.land/std@0.223.0/path/posix/extname.ts": "e398c1d9d1908d3756a7ed94199fcd169e79466dd88feffd2f47ce0abf9d61d2",
    "https://deno.land/std@0.223.0/path/posix/join.ts": "7fc2cb3716aa1b863e990baf30b101d768db479e70b7313b4866a088db016f63",
    "https://deno.land/std@0.223.0/path/posix/normalize.ts": "baeb49816a8299f90a0237d214cef46f00ba3e95c0d2ceb74205a6a584b58a91",
    "https://deno.land/std@0.223.0/path/posix/relative.ts": "3907d6eda41f0ff723d336125a1ad4349112cd4d48f693859980314d5b9da31c",
    "https://deno.land/std@0.223.0/path/posix/resolve.ts": "08b699cfeee10cb6857ccab38fa4b2ec703b0ea33e8e69964f29d02a2d5257cf",
    "https://deno.land/std@0.223.0/path/relative.ts": "ab739d727180ed8727e34ed71d976912461d98e2b76de3d3de834c1066667add",
    "https://deno.land/std@0.223.0/path/resolve.ts": "a6f977bdb4272e79d8d0ed4333e3d71367cc3926acf15ac271f1d059c8494d8d",
    "https://deno.land/std@0.223.0/path/windows/_util.ts": "d5f47363e5293fced22c984550d5e70e98e266cc3f31769e1710511803d04808",
    "https://deno.land/std@0.223.0/path/windows/extname.ts": "165a61b00d781257fda1e9606a48c78b06815385e7d703232548dbfc95346bef",
    "https://deno.land/std@0.223.0/path/windows/join.ts": "8d03530ab89195185103b7da9dfc6327af13eabdcd44c7c63e42e27808f50ecf",
    "https://deno.land/std@0.223.0/path/windows/normalize.ts": "78126170ab917f0ca355a9af9e65ad6bfa5be14d574c5fb09bb1920f52577780",
    "https://deno.land/std@0.223.0/path/windows/relative.ts": "3e1abc7977ee6cc0db2730d1f9cb38be87b0ce4806759d271a70e4997fc638d7",
    "https://deno.land/std@0.223.0/path/windows/resolve.ts": "8dae1dadfed9d46ff46cc337c9525c0c7d959fb400a6308f34595c45bdca1972",
    "https://deno.land/std@0.223.0/streams/byte_slice_stream.ts": "5bbdcadb118390affa9b3d0a0f73ef8e83754f59bb89df349add669dd9369713",
    "https://deno.land/std@0.223.0/version.ts": "a25bd16c3b9f0d2861d9fc570eb356441e862cb35013a4d8333b946c0c39fa21"
  }
}
